
Microsoft Visual Studio Solution File, Format Version 12.00
# Visual Studio 15
VisualStudioVersion = 15.0.28010.2048
MinimumVisualStudioVersion = 10.0.40219.1
Project("{FAE04EC0-301F-11D3-BF4B-00C04F79EFBC}") = "TTTT", "TTT5.csproj", "{3AB96871-F3B1-4562-9AE5-A8D63B55E0BC}"
EndProject
Global
	GlobalSection(SolutionConfigurationPlatforms) = preSolution
		Debug|Any CPU = Debug|Any CPU
		Release|Any CPU = Release|Any CPU
	EndGlobalSection
	GlobalSection(ProjectConfigurationPlatforms) = postSolution
		{3AB96871-F3B1-4562-9AE5-A8D63B55E0BC}.Debug|Any CPU.ActiveCfg = Debug|Any CPU
		{3AB96871-F3B1-4562-9AE5-A8D63B55E0BC}.Debug|Any CPU.Build.0 = Debug|Any CPU
		{3AB96871-F3B1-4562-9AE5-A8D63B55E0BC}.Release|Any CPU.ActiveCfg = Release|Any CPU
		{3AB96871-F3B1-4562-9AE5-A8D63B55E0BC}.Release|Any CPU.Build.0 = Release|Any CPU
	EndGlobalSection
	GlobalSection(SolutionProperties) = preSolution
		HideSolutionNode = FALSE
	EndGlobalSection
	GlobalSection(ExtensibilityGlobals) = postSolution
		SolutionGuid = {9EE8279F-67D9-46B1-84BB-A55F684AE4A6}
	EndGlobalSection
EndGlobal
